<?xml version="1.0" encoding="utf-8"?>
<Project ToolsVersion="4.0" xmlns="http://schemas.microsoft.com/developer/msbuild/2003">
  <ItemGroup>
    <Filter Include="Fichiers sources">
      <UniqueIdentifier>{4FC737F1-C7A5-4376-A066-2A32D752A2FF}</UniqueIdentifier>
      <Extensions>cpp;c;cc;cxx;c++;cppm;ixx;def;odl;idl;hpj;bat;asm;asmx</Extensions>
    </Filter>
    <Filter Include="Fichiers d%27en-tête">
      <UniqueIdentifier>{93995380-89BD-4b04-88EB-625FBE52EBFB}</UniqueIdentifier>
      <Extensions>h;hh;hpp;hxx;h++;hm;inl;inc;ipp;xsd</Extensions>
    </Filter>
    <Filter Include="Fichiers de ressources">
      <UniqueIdentifier>{67DA6AB6-F800-4c08-8B7A-83BB121AAD01}</UniqueIdentifier>
      <Extensions>rc;ico;cur;bmp;dlg;rc2;rct;bin;rgs;gif;jpg;jpeg;jpe;resx;tiff;tif;png;wav;mfcribbon-ms</Extensions>
    </Filter>
  </ItemGroup>
  <ItemGroup>
    <ClInclude Include="include\tuxls\application.h">
      <Filter>Fichiers d%27en-tête</Filter>
    </ClInclude>
    <ClInclude Include="include\tuxls\argc.h">
      <Filter>Fichiers d%27en-tête</Filter>
    </ClInclude>
    <ClInclude Include="include\tuxls\diagnostic.h">
      <Filter>Fichiers d%27en-tête</Filter>
    </ClInclude>
    <ClInclude Include="include\tuxls\geometry.h">
      <Filter>Fichiers d%27en-tête</Filter>
    </ClInclude>
    <ClInclude Include="include\tuxls\object.h">
      <Filter>Fichiers d%27en-tête</Filter>
    </ClInclude>
    <ClInclude Include="include\tuxls\stracc.h">
      <Filter>Fichiers d%27en-tête</Filter>
    </ClInclude>
    <ClInclude Include="include\tuxls\strbrk.h">
      <Filter>Fichiers d%27en-tête</Filter>
    </ClInclude>
    <ClInclude Include="include\tuxls\textattr.h">
      <Filter>Fichiers d%27en-tête</Filter>
    </ClInclude>
    <ClInclude Include="include\tuxls\delegate.h">
      <Filter>Fichiers d%27en-tête</Filter>
    </ClInclude>
    <ClInclude Include="include\tuxls\stml\text.h">
      <Filter>Fichiers d%27en-tête</Filter>
    </ClInclude>
    <ClInclude Include="include\tuxls\utf\accents.fr.h">
      <Filter>Fichiers d%27en-tête</Filter>
    </ClInclude>
    <ClInclude Include="include\tuxls\utf\Icons.h">
      <Filter>Fichiers d%27en-tête</Filter>
    </ClInclude>
    <ClInclude Include="include\tuxls\dlconf.h">
      <Filter>Fichiers d%27en-tête</Filter>
    </ClInclude>
    <ClInclude Include="include\tuxls\db\table.h">
      <Filter>Fichiers d%27en-tête</Filter>
    </ClInclude>
    <ClInclude Include="include\tuxls\db\query.h">
      <Filter>Fichiers d%27en-tête</Filter>
    </ClInclude>
    <ClInclude Include="include\tuxls\db\field.h">
      <Filter>Fichiers d%27en-tête</Filter>
    </ClInclude>
    <ClInclude Include="include\tuxls\db\database.h">
      <Filter>Fichiers d%27en-tête</Filter>
    </ClInclude>
    <ClInclude Include="include\tuxls\expect.h">
      <Filter>Fichiers d%27en-tête</Filter>
    </ClInclude>
  </ItemGroup>
  <ItemGroup>
    <ClCompile Include="src\application.cc">
      <Filter>Fichiers sources</Filter>
    </ClCompile>
    <ClCompile Include="src\argc.cc">
      <Filter>Fichiers sources</Filter>
    </ClCompile>
    <ClCompile Include="src\diagnostic.cc">
      <Filter>Fichiers sources</Filter>
    </ClCompile>
    <ClCompile Include="src\geometry.cc">
      <Filter>Fichiers sources</Filter>
    </ClCompile>
    <ClCompile Include="src\object.cc">
      <Filter>Fichiers sources</Filter>
    </ClCompile>
    <ClCompile Include="src\stracc.cc">
      <Filter>Fichiers sources</Filter>
    </ClCompile>
    <ClCompile Include="src\strbrk.cc">
      <Filter>Fichiers sources</Filter>
    </ClCompile>
    <ClCompile Include="src\textattr.cc">
      <Filter>Fichiers sources</Filter>
    </ClCompile>
    <ClCompile Include="src\utf\accents.fr.cc">
      <Filter>Fichiers sources</Filter>
    </ClCompile>
    <ClCompile Include="src\utf\Icons.cc">
      <Filter>Fichiers sources</Filter>
    </ClCompile>
    <ClCompile Include="src\stml\text.cc">
      <Filter>Fichiers sources</Filter>
    </ClCompile>
    <ClCompile Include="src\db\table.cc">
      <Filter>Fichiers sources</Filter>
    </ClCompile>
    <ClCompile Include="src\db\query.cc">
      <Filter>Fichiers sources</Filter>
    </ClCompile>
    <ClCompile Include="src\db\field.cc">
      <Filter>Fichiers sources</Filter>
    </ClCompile>
    <ClCompile Include="src\db\database.cc">
      <Filter>Fichiers sources</Filter>
    </ClCompile>
    <ClCompile Include="src\expect.cc">
      <Filter>Fichiers sources</Filter>
    </ClCompile>
  </ItemGroup>
</Project>